
Microsoft Visual Studio Solution File, Format Version 12.00
# Visual Studio Version 16
VisualStudioVersion = 16.0.30711.63
MinimumVisualStudioVersion = 10.0.40219.1
Project("{FAE04EC0-301F-11D3-BF4B-00C04F79EFBC}") = "GrantsMathProblems", "GrantsMathProblems.csproj", "{00406F4F-7DF3-409D-936D-95215D9DD0D8}"
EndProject
Global
	GlobalSection(SolutionConfigurationPlatforms) = preSolution
		Debug|Any CPU = Debug|Any CPU
		Release|Any CPU = Release|Any CPU
	EndGlobalSection
	GlobalSection(ProjectConfigurationPlatforms) = postSolution
		{00406F4F-7DF3-409D-936D-95215D9DD0D8}.Debug|Any CPU.ActiveCfg = Debug|Any CPU
		{00406F4F-7DF3-409D-936D-95215D9DD0D8}.Debug|Any CPU.Build.0 = Debug|Any CPU
		{00406F4F-7DF3-409D-936D-95215D9DD0D8}.Release|Any CPU.ActiveCfg = Release|Any CPU
		{00406F4F-7DF3-409D-936D-95215D9DD0D8}.Release|Any CPU.Build.0 = Release|Any CPU
	EndGlobalSection
	GlobalSection(SolutionProperties) = preSolution
		HideSolutionNode = FALSE
	EndGlobalSection
	GlobalSection(ExtensibilityGlobals) = postSolution
		SolutionGuid = {8A7E31D1-319A-4D06-8E07-51A5844AE74D}
	EndGlobalSection
EndGlobal
